
Microsoft Visual Studio Solution File, Format Version 12.00
# Visual Studio Version 17
VisualStudioVersion = 17.4.33122.133
MinimumVisualStudioVersion = 10.0.40219.1
Project("{888888A0-9F3D-457C-B088-3A5042F75D52}") = "FlaskWebProject1", "FlaskWebProject1\FlaskWebProject1.pyproj", "{EB66C29B-B0EF-40CD-874B-4159BD60307A}"
EndProject
Global
	GlobalSection(SolutionConfigurationPlatforms) = preSolution
		Debug|Any CPU = Debug|Any CPU
		Release|Any CPU = Release|Any CPU
	EndGlobalSection
	GlobalSection(ProjectConfigurationPlatforms) = postSolution
		{EB66C29B-B0EF-40CD-874B-4159BD60307A}.Debug|Any CPU.ActiveCfg = Debug|Any CPU
		{EB66C29B-B0EF-40CD-874B-4159BD60307A}.Debug|Any CPU.Build.0 = Debug|Any CPU
		{EB66C29B-B0EF-40CD-874B-4159BD60307A}.Release|Any CPU.ActiveCfg = Release|Any CPU
		{EB66C29B-B0EF-40CD-874B-4159BD60307A}.Release|Any CPU.Build.0 = Release|Any CPU
	EndGlobalSection
	GlobalSection(SolutionProperties) = preSolution
		HideSolutionNode = FALSE
	EndGlobalSection
	GlobalSection(ExtensibilityGlobals) = postSolution
		SolutionGuid = {C19657AF-B99F-4E58-AC56-C3D019D5A4A6}
	EndGlobalSection
EndGlobal
